# @generated - this file is auto-generated by `mise lock` https://mise.en.dev/dev-tools/mise-lock.html

[[tools."aqua:axodotdev/cargo-dist"]]
version = "0.32.0"
backend = "aqua:axodotdev/cargo-dist"

[[tools."cargo:cargo-audit"]]
version = "0.22.2"
backend = "cargo:cargo-audit"

[[tools."cargo:cargo-fuzz"]]
version = "0.13.1"
backend = "cargo:cargo-fuzz"

[[tools."cargo:cargo-llvm-cov"]]
version = "0.6.16"
backend = "cargo:cargo-llvm-cov"

[[tools."cargo:cargo-mutants"]]
version = "25.3.1"
backend = "cargo:cargo-mutants"
